{
  "name": "NextLaBIS",
  "lockfileVersion": 3,
  "requires": true,
  "packages": {
    "": {
      "dependencies": {
        "@tabler/icons-react": "^3.36.0"
      }
    },
    "node_modules/@tabler/icons": {
      "version": "3.36.0",
      "resolved": "https://registry.npmjs.org/@tabler/icons/-/icons-3.36.0.tgz",
      "integrity": "sha512-z9OfTEG6QbaQWM9KBOxxUdpgvMUn0atageXyiaSc2gmYm51ORO8Ua7eUcjlks+Dc0YMK4rrodAFdK9SfjJ4ZcA==",
      "license": "MIT",
      "funding": {
        "type": "github",
        "url": "https://github.com/sponsors/codecalm"
      }
    },
    "node_modules/@tabler/icons-react": {
      "version": "3.36.0",
      "resolved": "https://registry.npmjs.org/@tabler/icons-react/-/icons-react-3.36.0.tgz",
      "integrity": "sha512-sSZ00bEjTdTTskVFykq294RJq+9cFatwy4uYa78HcYBCXU1kSD1DIp5yoFsQXmybkIOKCjp18OnhAYk553UIfQ==",
      "license": "MIT",
      "dependencies": {
        "@tabler/icons": "3.36.0"
      },
      "funding": {
        "type": "github",
        "url": "https://github.com/sponsors/codecalm"
      },
      "peerDependencies": {
        "react": ">= 16"
      }
    },
    "node_modules/react": {
      "version": "19.2.3",
      "resolved": "https://registry.npmjs.org/react/-/react-19.2.3.tgz",
      "integrity": "sha512-Ku/hhYbVjOQnXDZFv2+RibmLFGwFdeeKHFcOTlrt7xplBnya5OGn/hIRDsqDiSUcfORsDC7MPxwork8jBwsIWA==",
      "license": "MIT",
      "peer": true,
      "engines": {
        "node": ">=0.10.0"
      }
    }
  }
}
